
Microsoft Visual Studio Solution File, Format Version 12.00
# Visual Studio Version 17
VisualStudioVersion = 17.2.32526.322
MinimumVisualStudioVersion = 10.0.40219.1
Project("{FAE04EC0-301F-11D3-BF4B-00C04F79EFBC}") = "HW46", "HW46.csproj", "{0694198B-BAB4-44A5-B92D-72C65EF00606}"
EndProject
Global
	GlobalSection(SolutionConfigurationPlatforms) = preSolution
		Debug|Any CPU = Debug|Any CPU
		Release|Any CPU = Release|Any CPU
	EndGlobalSection
	GlobalSection(ProjectConfigurationPlatforms) = postSolution
		{0694198B-BAB4-44A5-B92D-72C65EF00606}.Debug|Any CPU.ActiveCfg = Debug|Any CPU
		{0694198B-BAB4-44A5-B92D-72C65EF00606}.Debug|Any CPU.Build.0 = Debug|Any CPU
		{0694198B-BAB4-44A5-B92D-72C65EF00606}.Release|Any CPU.ActiveCfg = Release|Any CPU
		{0694198B-BAB4-44A5-B92D-72C65EF00606}.Release|Any CPU.Build.0 = Release|Any CPU
	EndGlobalSection
	GlobalSection(SolutionProperties) = preSolution
		HideSolutionNode = FALSE
	EndGlobalSection
	GlobalSection(ExtensibilityGlobals) = postSolution
		SolutionGuid = {06338D1F-0571-4D74-BEC6-B22503546B65}
	EndGlobalSection
EndGlobal
